{
  "name": "example-jekyll-site",
  "version": "0.0.0",
  "lockfileVersion": 3,
  "requires": true,
  "packages": {
    "": {
      "name": "example-jekyll-site",
      "version": "0.0.0",
      "dependencies": {
        "@dustwave/site-shell": "file:shared/dust-wave-platform/packages/site-shell",
        "@dustwave/test-core": "file:shared/dust-wave-platform/packages/test-core"
      },
      "engines": {
        "node": ">=22"
      }
    },
    "shared/dust-wave-platform/packages/site-shell": {
      "name": "@dustwave/site-shell",
      "version": "0.3.0",
      "license": "MIT",
      "engines": {
        "node": ">=20.9"
      }
    },
    "node_modules/@dustwave/site-shell": {
      "resolved": "shared/dust-wave-platform/packages/site-shell",
      "link": true
    },
    "shared/dust-wave-platform/packages/test-core": {
      "name": "@dustwave/test-core",
      "version": "0.3.0",
      "license": "MIT",
      "engines": {
        "node": ">=20.9"
      }
    },
    "node_modules/@dustwave/test-core": {
      "resolved": "shared/dust-wave-platform/packages/test-core",
      "link": true
    }
  }
}
