{
  "name": "example-worker-admin",
  "version": "0.0.0",
  "lockfileVersion": 3,
  "requires": true,
  "packages": {
    "": {
      "name": "example-worker-admin",
      "version": "0.0.0",
      "dependencies": {
        "@dustwave/worker-core": "file:shared/dust-wave-platform/packages/worker-core",
        "@dustwave/admin-shell": "file:shared/dust-wave-platform/packages/admin-shell",
        "@dustwave/test-core": "file:shared/dust-wave-platform/packages/test-core"
      },
      "engines": {
        "node": ">=22"
      }
    },
    "shared/dust-wave-platform/packages/worker-core": {
      "name": "@dustwave/worker-core",
      "version": "0.15.0",
      "license": "MIT",
      "engines": {
        "node": ">=20.9"
      }
    },
    "node_modules/@dustwave/worker-core": {
      "resolved": "shared/dust-wave-platform/packages/worker-core",
      "link": true
    },
    "shared/dust-wave-platform/packages/admin-shell": {
      "name": "@dustwave/admin-shell",
      "version": "0.11.0",
      "license": "MIT",
      "engines": {
        "node": ">=20.9"
      }
    },
    "node_modules/@dustwave/admin-shell": {
      "resolved": "shared/dust-wave-platform/packages/admin-shell",
      "link": true
    },
    "shared/dust-wave-platform/packages/test-core": {
      "name": "@dustwave/test-core",
      "version": "0.2.0",
      "license": "MIT",
      "engines": {
        "node": ">=20.9"
      }
    },
    "node_modules/@dustwave/test-core": {
      "resolved": "shared/dust-wave-platform/packages/test-core",
      "link": true
    }
  }
}
